
Microsoft Visual Studio Solution File, Format Version 12.00
# Visual Studio Version 17
VisualStudioVersion = 17.7.34221.43
MinimumVisualStudioVersion = 10.0.40219.1
Project("{FAE04EC0-301F-11D3-BF4B-00C04F79EFBC}") = "MyBlazorHosted.Server", "MyBlazorHosted\Server\MyBlazorHosted.Server.csproj", "{01F97043-CFE6-45FC-9CA5-AF9BEB9111CD}"
EndProject
Project("{FAE04EC0-301F-11D3-BF4B-00C04F79EFBC}") = "MyBlazorHosted.Client", "MyBlazorHosted\Client\MyBlazorHosted.Client.csproj", "{3F24EABF-757A-4B82-8CF7-910F68CA56AF}"
EndProject
Project("{FAE04EC0-301F-11D3-BF4B-00C04F79EFBC}") = "MyBlazorHosted.Shared", "MyBlazorHosted\Shared\MyBlazorHosted.Shared.csproj", "{EAF6CF55-AF81-4909-A61D-F429D89DFF8A}"
EndProject
Global
	GlobalSection(SolutionConfigurationPlatforms) = preSolution
		Debug|Any CPU = Debug|Any CPU
		Release|Any CPU = Release|Any CPU
	EndGlobalSection
	GlobalSection(ProjectConfigurationPlatforms) = postSolution
		{01F97043-CFE6-45FC-9CA5-AF9BEB9111CD}.Debug|Any CPU.ActiveCfg = Debug|Any CPU
		{01F97043-CFE6-45FC-9CA5-AF9BEB9111CD}.Debug|Any CPU.Build.0 = Debug|Any CPU
		{01F97043-CFE6-45FC-9CA5-AF9BEB9111CD}.Release|Any CPU.ActiveCfg = Release|Any CPU
		{01F97043-CFE6-45FC-9CA5-AF9BEB9111CD}.Release|Any CPU.Build.0 = Release|Any CPU
		{3F24EABF-757A-4B82-8CF7-910F68CA56AF}.Debug|Any CPU.ActiveCfg = Debug|Any CPU
		{3F24EABF-757A-4B82-8CF7-910F68CA56AF}.Debug|Any CPU.Build.0 = Debug|Any CPU
		{3F24EABF-757A-4B82-8CF7-910F68CA56AF}.Release|Any CPU.ActiveCfg = Release|Any CPU
		{3F24EABF-757A-4B82-8CF7-910F68CA56AF}.Release|Any CPU.Build.0 = Release|Any CPU
		{EAF6CF55-AF81-4909-A61D-F429D89DFF8A}.Debug|Any CPU.ActiveCfg = Debug|Any CPU
		{EAF6CF55-AF81-4909-A61D-F429D89DFF8A}.Debug|Any CPU.Build.0 = Debug|Any CPU
		{EAF6CF55-AF81-4909-A61D-F429D89DFF8A}.Release|Any CPU.ActiveCfg = Release|Any CPU
		{EAF6CF55-AF81-4909-A61D-F429D89DFF8A}.Release|Any CPU.Build.0 = Release|Any CPU
	EndGlobalSection
	GlobalSection(SolutionProperties) = preSolution
		HideSolutionNode = FALSE
	EndGlobalSection
	GlobalSection(ExtensibilityGlobals) = postSolution
		SolutionGuid = {18C97E5F-F520-4189-8741-7C52F150E6FD}
	EndGlobalSection
EndGlobal
