
Microsoft Visual Studio Solution File, Format Version 12.00
# Visual Studio Version 17
VisualStudioVersion = 17.7.34221.43
MinimumVisualStudioVersion = 10.0.40219.1
Project("{9A19103F-16F7-4668-BE54-9A1E7A4F7556}") = "MyBlazorHosted.Server", "MyBlazorHosted\Server\MyBlazorHosted.Server.csproj", "{01F97043-CFE6-45FC-9CA5-AF9BEB9111CD}"
EndProject
Project("{9A19103F-16F7-4668-BE54-9A1E7A4F7556}") = "MyBlazorHosted.Client", "MyBlazorHosted\Client\MyBlazorHosted.Client.csproj", "{3F24EABF-757A-4B82-8CF7-910F68CA56AF}"
EndProject
Project("{9A19103F-16F7-4668-BE54-9A1E7A4F7556}") = "MyBlazorHosted.Shared", "MyBlazorHosted\Shared\MyBlazorHosted.Shared.csproj", "{EAF6CF55-AF81-4909-A61D-F429D89DFF8A}"
EndProject
Project("{2150E333-8FDC-42A3-9474-1A3956D46DE8}") = "Libraries", "Libraries", "{CC2F8337-D854-45A6-8D2B-741C2A9BBD1D}"
EndProject
Project("{2150E333-8FDC-42A3-9474-1A3956D46DE8}") = "Web", "Web", "{C0A52CEB-CA74-4978-9688-746B651FA384}"
EndProject
Project("{9A19103F-16F7-4668-BE54-9A1E7A4F7556}") = "MyBlazorHosted.Libraries", "MyBlazorHosted.Libraries\MyBlazorHosted.Libraries.csproj", "{125BA6F4-C9DA-4CE3-B4CE-BF2526FC7DF7}"
EndProject
Global
	GlobalSection(SolutionConfigurationPlatforms) = preSolution
		Debug|Any CPU = Debug|Any CPU
		Release|Any CPU = Release|Any CPU
	EndGlobalSection
	GlobalSection(ProjectConfigurationPlatforms) = postSolution
		{01F97043-CFE6-45FC-9CA5-AF9BEB9111CD}.Debug|Any CPU.ActiveCfg = Debug|Any CPU
		{01F97043-CFE6-45FC-9CA5-AF9BEB9111CD}.Debug|Any CPU.Build.0 = Debug|Any CPU
		{01F97043-CFE6-45FC-9CA5-AF9BEB9111CD}.Release|Any CPU.ActiveCfg = Release|Any CPU
		{01F97043-CFE6-45FC-9CA5-AF9BEB9111CD}.Release|Any CPU.Build.0 = Release|Any CPU
		{3F24EABF-757A-4B82-8CF7-910F68CA56AF}.Debug|Any CPU.ActiveCfg = Debug|Any CPU
		{3F24EABF-757A-4B82-8CF7-910F68CA56AF}.Debug|Any CPU.Build.0 = Debug|Any CPU
		{3F24EABF-757A-4B82-8CF7-910F68CA56AF}.Release|Any CPU.ActiveCfg = Release|Any CPU
		{3F24EABF-757A-4B82-8CF7-910F68CA56AF}.Release|Any CPU.Build.0 = Release|Any CPU
		{EAF6CF55-AF81-4909-A61D-F429D89DFF8A}.Debug|Any CPU.ActiveCfg = Debug|Any CPU
		{EAF6CF55-AF81-4909-A61D-F429D89DFF8A}.Debug|Any CPU.Build.0 = Debug|Any CPU
		{EAF6CF55-AF81-4909-A61D-F429D89DFF8A}.Release|Any CPU.ActiveCfg = Release|Any CPU
		{EAF6CF55-AF81-4909-A61D-F429D89DFF8A}.Release|Any CPU.Build.0 = Release|Any CPU
		{125BA6F4-C9DA-4CE3-B4CE-BF2526FC7DF7}.Debug|Any CPU.ActiveCfg = Debug|Any CPU
		{125BA6F4-C9DA-4CE3-B4CE-BF2526FC7DF7}.Debug|Any CPU.Build.0 = Debug|Any CPU
		{125BA6F4-C9DA-4CE3-B4CE-BF2526FC7DF7}.Release|Any CPU.ActiveCfg = Release|Any CPU
		{125BA6F4-C9DA-4CE3-B4CE-BF2526FC7DF7}.Release|Any CPU.Build.0 = Release|Any CPU
	EndGlobalSection
	GlobalSection(SolutionProperties) = preSolution
		HideSolutionNode = FALSE
	EndGlobalSection
	GlobalSection(NestedProjects) = preSolution
		{01F97043-CFE6-45FC-9CA5-AF9BEB9111CD} = {C0A52CEB-CA74-4978-9688-746B651FA384}
		{3F24EABF-757A-4B82-8CF7-910F68CA56AF} = {C0A52CEB-CA74-4978-9688-746B651FA384}
		{EAF6CF55-AF81-4909-A61D-F429D89DFF8A} = {CC2F8337-D854-45A6-8D2B-741C2A9BBD1D}
		{125BA6F4-C9DA-4CE3-B4CE-BF2526FC7DF7} = {CC2F8337-D854-45A6-8D2B-741C2A9BBD1D}
	EndGlobalSection
	GlobalSection(ExtensibilityGlobals) = postSolution
		SolutionGuid = {18C97E5F-F520-4189-8741-7C52F150E6FD}
	EndGlobalSection
EndGlobal
